<?xml version="1.0" encoding="utf-8"?>
<Project ToolsVersion="4.0" xmlns="http://schemas.microsoft.com/developer/msbuild/2003">
  <ItemGroup>
    <Filter Include="Source Files">
      <UniqueIdentifier>{4FC737F1-C7A5-4376-A066-2A32D752A2FF}</UniqueIdentifier>
      <Extensions>cpp;c;cc;cxx;c++;cppm;ixx;def;odl;idl;hpj;bat;asm;asmx</Extensions>
    </Filter>
    <Filter Include="Header Files">
      <UniqueIdentifier>{93995380-89BD-4b04-88EB-625FBE52EBFB}</UniqueIdentifier>
      <Extensions>h;hh;hpp;hxx;h++;hm;inl;inc;ipp;xsd</Extensions>
    </Filter>
    <Filter Include="Resource Files">
      <UniqueIdentifier>{67DA6AB6-F800-4c08-8B7A-83BB121AAD01}</UniqueIdentifier>
      <Extensions>rc;ico;cur;bmp;dlg;rc2;rct;bin;rgs;gif;jpg;jpeg;jpe;resx;tiff;tif;png;wav;mfcribbon-ms</Extensions>
    </Filter>
    <Filter Include="Header Files\Scripts">
      <UniqueIdentifier>{91350d29-3cc3-4204-9003-7cfc20deb495}</UniqueIdentifier>
    </Filter>
    <Filter Include="Source Files\Scripts">
      <UniqueIdentifier>{81734abf-3343-4858-9b07-ffc21b8eb680}</UniqueIdentifier>
    </Filter>
    <Filter Include="Header Files\Library">
      <UniqueIdentifier>{ef8dfb79-8dab-42ae-985d-9a0fdf759748}</UniqueIdentifier>
    </Filter>
    <Filter Include="Source Files\Library">
      <UniqueIdentifier>{504a1170-af52-43a7-8e0e-26614ca26182}</UniqueIdentifier>
    </Filter>
    <Filter Include="Source Files\Library\Shaders">
      <UniqueIdentifier>{ae96c193-4efa-4b36-bdad-dafb752e1952}</UniqueIdentifier>
    </Filter>
    <Filter Include="Header Files\Library\Shaders">
      <UniqueIdentifier>{548a6851-6886-4ff9-b92d-8d021b331fc0}</UniqueIdentifier>
    </Filter>
    <Filter Include="Header Files\Library\Objects">
      <UniqueIdentifier>{b0bc013a-927e-4d2d-b16e-d9b41608cdaa}</UniqueIdentifier>
    </Filter>
    <Filter Include="Source Files\Library\Objects">
      <UniqueIdentifier>{7c4ea0f5-6635-4c9c-a5fd-ef43d209d93e}</UniqueIdentifier>
    </Filter>
    <Filter Include="Header Files\Scripts\CubeSphere">
      <UniqueIdentifier>{a2f3667c-4b27-49db-aec2-e7ecefc99d9a}</UniqueIdentifier>
    </Filter>
    <Filter Include="Source Files\Scripts\CubeSphere">
      <UniqueIdentifier>{53886c51-fcac-4a16-804e-8817ae6f8c03}</UniqueIdentifier>
    </Filter>
    <Filter Include="Header Files\Scripts\CubeSphere\Settings">
      <UniqueIdentifier>{4e0cd7fb-9b58-4d6e-86aa-4dc012612d7f}</UniqueIdentifier>
    </Filter>
    <Filter Include="Source Files\Scripts\CubeSphere\Settings">
      <UniqueIdentifier>{a474a35e-d1d6-4efc-b0e1-92a1206bb906}</UniqueIdentifier>
    </Filter>
    <Filter Include="Header Files\Library\imgui">
      <UniqueIdentifier>{573a28a1-0c50-4d0b-92f8-e8a3a13e92ac}</UniqueIdentifier>
    </Filter>
    <Filter Include="Source Files\Library\imgui">
      <UniqueIdentifier>{79de4321-691f-46e0-8c99-27e77aafa5f8}</UniqueIdentifier>
    </Filter>
    <Filter Include="Header Files\gui">
      <UniqueIdentifier>{06d58453-4ed5-47fb-8a1d-9cfe5a3977a0}</UniqueIdentifier>
    </Filter>
    <Filter Include="Source Files\gui">
      <UniqueIdentifier>{43199401-5e8e-4a3d-8aaf-3dad80b4ff7f}</UniqueIdentifier>
    </Filter>
    <Filter Include="Header Files\Library\Online">
      <UniqueIdentifier>{dec9568f-9818-49e2-8341-1f18ccaca15c}</UniqueIdentifier>
    </Filter>
    <Filter Include="Source Files\Library\Online">
      <UniqueIdentifier>{c88eaabd-35c8-4fd4-8789-e0e4b7e9489a}</UniqueIdentifier>
    </Filter>
  </ItemGroup>
  <ItemGroup>
    <ClCompile Include="GameObject.cpp">
      <Filter>Source Files\Library\Objects</Filter>
    </ClCompile>
    <ClCompile Include="GameObjects.cpp">
      <Filter>Source Files\Library\Objects</Filter>
    </ClCompile>
    <ClCompile Include="Mover.cpp">
      <Filter>Source Files\Scripts</Filter>
    </ClCompile>
    <ClCompile Include="ShaderPrograms.cpp">
      <Filter>Source Files\Library\Shaders</Filter>
    </ClCompile>
    <ClCompile Include="billboard2D.cpp">
      <Filter>Source Files\Scripts</Filter>
    </ClCompile>
    <ClCompile Include="Game.cpp">
      <Filter>Source Files</Filter>
    </ClCompile>
    <ClCompile Include="CameraFeed.h">
      <Filter>Header Files\Scripts</Filter>
    </ClCompile>
    <ClCompile Include="KeyScan.cpp">
      <Filter>Source Files\Library</Filter>
    </ClCompile>
    <ClCompile Include="Source.cpp">
      <Filter>Source Files\Library</Filter>
    </ClCompile>
    <ClCompile Include="Update.cpp">
      <Filter>Source Files\Library</Filter>
    </ClCompile>
    <ClCompile Include="RenderableObject.cpp">
      <Filter>Source Files\Library</Filter>
    </ClCompile>
    <ClCompile Include="PlayerInput.cpp">
      <Filter>Source Files\Scripts</Filter>
    </ClCompile>
    <ClCompile Include="GroundTile.cpp">
      <Filter>Source Files\Scripts</Filter>
    </ClCompile>
    <ClCompile Include="CubeSphereFace.cpp">
      <Filter>Source Files\Scripts\CubeSphere</Filter>
    </ClCompile>
    <ClCompile Include="PlanetSurface.cpp">
      <Filter>Source Files\Scripts\CubeSphere</Filter>
    </ClCompile>
    <ClCompile Include="Noise.cpp">
      <Filter>Source Files\Scripts\CubeSphere\Settings</Filter>
    </ClCompile>
    <ClCompile Include="imgui\imgui.cpp">
      <Filter>Source Files\Library\imgui</Filter>
    </ClCompile>
    <ClCompile Include="imgui\imgui_demo.cpp">
      <Filter>Source Files\Library\imgui</Filter>
    </ClCompile>
    <ClCompile Include="imgui\imgui_draw.cpp">
      <Filter>Source Files\Library\imgui</Filter>
    </ClCompile>
    <ClCompile Include="imgui\imgui_impl_glfw.cpp">
      <Filter>Source Files\Library\imgui</Filter>
    </ClCompile>
    <ClCompile Include="imgui\imgui_impl_opengl3.cpp">
      <Filter>Source Files\Library\imgui</Filter>
    </ClCompile>
    <ClCompile Include="imgui\imgui_tables.cpp">
      <Filter>Source Files\Library\imgui</Filter>
    </ClCompile>
    <ClCompile Include="imgui\imgui_widgets.cpp">
      <Filter>Source Files\Library\imgui</Filter>
    </ClCompile>
    <ClCompile Include="PlanetGenHandler.cpp">
      <Filter>Source Files\gui</Filter>
    </ClCompile>
    <ClCompile Include="ChatBoxText.cpp">
      <Filter>Source Files\Scripts</Filter>
    </ClCompile>
    <ClCompile Include="Window.cpp">
      <Filter>Source Files\Library</Filter>
    </ClCompile>
    <ClCompile Include="OnlineDispatcher.cpp">
      <Filter>Source Files\Library\Online</Filter>
    </ClCompile>
    <ClCompile Include="CommandInterpreter.cpp">
      <Filter>Source Files\gui</Filter>
    </ClCompile>
    <ClCompile Include="CubeSphere.cpp">
      <Filter>Source Files\Scripts\CubeSphere</Filter>
    </ClCompile>
    <ClCompile Include="OnlineConnection.cpp">
      <Filter>Source Files\Library\Online</Filter>
    </ClCompile>
    <ClCompile Include="Skybox.cpp">
      <Filter>Source Files\Scripts</Filter>
    </ClCompile>
    <ClCompile Include="ScriptObject.cpp">
      <Filter>Source Files\Library</Filter>
    </ClCompile>
    <ClCompile Include="Cube.cpp">
      <Filter>Source Files\Scripts</Filter>
    </ClCompile>
    <ClCompile Include="Library.cpp">
      <Filter>Source Files\Library</Filter>
    </ClCompile>
    <ClCompile Include="WaterSphere.cpp">
      <Filter>Source Files\Scripts\CubeSphere</Filter>
    </ClCompile>
    <ClCompile Include="SurfaceFollower.cpp">
      <Filter>Source Files\Scripts</Filter>
    </ClCompile>
    <ClCompile Include="Transform.cpp">
      <Filter>Source Files\Library</Filter>
    </ClCompile>
    <ClCompile Include="SurfaceAttacher.cpp">
      <Filter>Source Files\Scripts</Filter>
    </ClCompile>
    <ClCompile Include="SurfaceInstancer.cpp">
      <Filter>Source Files\Scripts</Filter>
    </ClCompile>
    <ClCompile Include="OnlineMover.cpp">
      <Filter>Source Files\Library\Online</Filter>
    </ClCompile>
    <ClCompile Include="TextureStore.cpp">
      <Filter>Source Files\Library\Shaders</Filter>
    </ClCompile>
    <ClCompile Include="jsonPlanetParser.cpp">
      <Filter>Source Files\gui</Filter>
    </ClCompile>
    <ClCompile Include="OrientToCenter.cpp">
      <Filter>Source Files</Filter>
    </ClCompile>
    <ClCompile Include="OrientToSurface.cpp">
      <Filter>Source Files</Filter>
    </ClCompile>
  </ItemGroup>
  <ItemGroup>
    <ClInclude Include="Game.h">
      <Filter>Header Files</Filter>
    </ClInclude>
    <ClInclude Include="GameObject.h">
      <Filter>Header Files\Library\Objects</Filter>
    </ClInclude>
    <ClInclude Include="GameObjects.h">
      <Filter>Header Files\Library\Objects</Filter>
    </ClInclude>
    <ClInclude Include="Mover.h">
      <Filter>Header Files\Scripts</Filter>
    </ClInclude>
    <ClInclude Include="ShaderPrograms.h">
      <Filter>Header Files\Library\Shaders</Filter>
    </ClInclude>
    <ClInclude Include="billboard2D.h">
      <Filter>Header Files\Scripts</Filter>
    </ClInclude>
    <ClInclude Include="Camera.h">
      <Filter>Header Files\Scripts</Filter>
    </ClInclude>
    <ClInclude Include="KeyScan.h">
      <Filter>Header Files\Library</Filter>
    </ClInclude>
    <ClInclude Include="Library.h">
      <Filter>Header Files\Library</Filter>
    </ClInclude>
    <ClInclude Include="Update.h">
      <Filter>Header Files\Library</Filter>
    </ClInclude>
    <ClInclude Include="Window.h">
      <Filter>Header Files\Library</Filter>
    </ClInclude>
    <ClInclude Include="PlayerInput.h">
      <Filter>Header Files\Scripts</Filter>
    </ClInclude>
    <ClInclude Include="GroundTile.h">
      <Filter>Header Files\Scripts</Filter>
    </ClInclude>
    <ClInclude Include="PlanetSurface.h">
      <Filter>Header Files\Scripts\CubeSphere</Filter>
    </ClInclude>
    <ClInclude Include="CubeSphereFace.h">
      <Filter>Header Files\Scripts\CubeSphere</Filter>
    </ClInclude>
    <ClInclude Include="PlanetColour.h">
      <Filter>Header Files\Scripts\CubeSphere\Settings</Filter>
    </ClInclude>
    <ClInclude Include="ShapeSettings.h">
      <Filter>Header Files\Scripts\CubeSphere\Settings</Filter>
    </ClInclude>
    <ClInclude Include="ShapeGenerator.h">
      <Filter>Header Files\Scripts\CubeSphere</Filter>
    </ClInclude>
    <ClInclude Include="Noise.h">
      <Filter>Header Files\Scripts\CubeSphere\Settings</Filter>
    </ClInclude>
    <ClInclude Include="NoiseSettings.h">
      <Filter>Header Files\Scripts\CubeSphere\Settings</Filter>
    </ClInclude>
    <ClInclude Include="imgui\imconfig.h">
      <Filter>Header Files\Library\imgui</Filter>
    </ClInclude>
    <ClInclude Include="imgui\imgui.h">
      <Filter>Header Files\Library\imgui</Filter>
    </ClInclude>
    <ClInclude Include="imgui\imgui_impl_glfw.h">
      <Filter>Header Files\Library\imgui</Filter>
    </ClInclude>
    <ClInclude Include="imgui\imgui_impl_opengl3.h">
      <Filter>Header Files\Library\imgui</Filter>
    </ClInclude>
    <ClInclude Include="imgui\imgui_impl_opengl3_loader.h">
      <Filter>Header Files\Library\imgui</Filter>
    </ClInclude>
    <ClInclude Include="imgui\imgui_internal.h">
      <Filter>Header Files\Library\imgui</Filter>
    </ClInclude>
    <ClInclude Include="imgui\imstb_rectpack.h">
      <Filter>Header Files\Library\imgui</Filter>
    </ClInclude>
    <ClInclude Include="imgui\imstb_textedit.h">
      <Filter>Header Files\Library\imgui</Filter>
    </ClInclude>
    <ClInclude Include="imgui\imstb_truetype.h">
      <Filter>Header Files\Library\imgui</Filter>
    </ClInclude>
    <ClInclude Include="PlanetGenHandler.h">
      <Filter>Header Files\gui</Filter>
    </ClInclude>
    <ClInclude Include="NoiseFilters.h">
      <Filter>Header Files\Scripts\CubeSphere\Settings</Filter>
    </ClInclude>
    <ClInclude Include="MinMax.h">
      <Filter>Header Files\Scripts\CubeSphere\Settings</Filter>
    </ClInclude>
    <ClInclude Include="ChatBoxText.h">
      <Filter>Header Files\Scripts</Filter>
    </ClInclude>
    <ClInclude Include="OnlineDispatcher.h">
      <Filter>Header Files\Library\Online</Filter>
    </ClInclude>
    <ClInclude Include="CommandInterpreter.h">
      <Filter>Header Files\gui</Filter>
    </ClInclude>
    <ClInclude Include="CubeSphere.h">
      <Filter>Header Files\Scripts\CubeSphere</Filter>
    </ClInclude>
    <ClInclude Include="OnlineConnection.h">
      <Filter>Header Files\Library\Online</Filter>
    </ClInclude>
    <ClInclude Include="Globals.h">
      <Filter>Header Files\Library</Filter>
    </ClInclude>
    <ClInclude Include="Skybox.h">
      <Filter>Header Files\Scripts</Filter>
    </ClInclude>
    <ClInclude Include="RenderableObject.h">
      <Filter>Header Files\Library</Filter>
    </ClInclude>
    <ClInclude Include="ScriptObject.h">
      <Filter>Header Files\Library</Filter>
    </ClInclude>
    <ClInclude Include="Cube.h">
      <Filter>Header Files\Scripts</Filter>
    </ClInclude>
    <ClInclude Include="stb_image.h">
      <Filter>Header Files\Library</Filter>
    </ClInclude>
    <ClInclude Include="WaterSphere.h">
      <Filter>Header Files\Scripts\CubeSphere</Filter>
    </ClInclude>
    <ClInclude Include="json.hpp">
      <Filter>Header Files\Library</Filter>
    </ClInclude>
    <ClInclude Include="SurfaceFollower.h">
      <Filter>Header Files\Scripts</Filter>
    </ClInclude>
    <ClInclude Include="SurfaceAttacher.h">
      <Filter>Header Files\Scripts</Filter>
    </ClInclude>
    <ClInclude Include="SurfaceInstancer.h">
      <Filter>Header Files\Scripts</Filter>
    </ClInclude>
    <ClInclude Include="OnlineMover.h">
      <Filter>Header Files\Library\Online</Filter>
    </ClInclude>
    <ClInclude Include="TextureStore.h">
      <Filter>Header Files\Library\Shaders</Filter>
    </ClInclude>
    <ClInclude Include="jsonPlanetParser.h">
      <Filter>Header Files\gui</Filter>
    </ClInclude>
    <ClInclude Include="OrientToCenter.h">
      <Filter>Header Files</Filter>
    </ClInclude>
    <ClInclude Include="OrientToSurface.h">
      <Filter>Header Files</Filter>
    </ClInclude>
  </ItemGroup>
</Project>